// !$*UTF8*$!
{
	archiveVersion = 1;
	classes = {
	};
	objectVersion = 50;
	objects = {

/* Begin PBXBuildFile section */
		05596B0A26FDD41600DD7460 /* AppDelegate.swift in Sources */ = {isa = PBXBuildFile; fileRef = 05596B0926FDD41600DD7460 /* AppDelegate.swift */; };
		05596B0C26FDD41600DD7460 /* SceneDelegate.swift in Sources */ = {isa = PBXBuildFile; fileRef = 05596B0B26FDD41600DD7460 /* SceneDelegate.swift */; };
		05596B0E26FDD41600DD7460 /* ViewController.swift in Sources */ = {isa = PBXBuildFile; fileRef = 05596B0D26FDD41600DD7460 /* ViewController.swift */; };
		05596B1126FDD41600DD7460 /* Main.storyboard in Resources */ = {isa = PBXBuildFile; fileRef = 05596B0F26FDD41600DD7460 /* Main.storyboard */; };
		05596B1326FDD41800DD7460 /* Assets.xcassets in Resources */ = {isa = PBXBuildFile; fileRef = 05596B1226FDD41800DD7460 /* Assets.xcassets */; };
		05596B1626FDD41800DD7460 /* LaunchScreen.storyboard in Resources */ = {isa = PBXBuildFile; fileRef = 05596B1426FDD41800DD7460 /* LaunchScreen.storyboard */; };
		05596B1E26FDD55F00DD7460 /* Extensions.swift in Sources */ = {isa = PBXBuildFile; fileRef = 05596B1D26FDD55F00DD7460 /* Extensions.swift */; };
		05596B2226FDD74800DD7460 /* GoogLeNetPlaces.mlmodel in Sources */ = {isa = PBXBuildFile; fileRef = 05596B2126FDD74800DD7460 /* GoogLeNetPlaces.mlmodel */; };
/* End PBXBuildFile section */

/* Begin PBXFileReference section */
		05596B0626FDD41600DD7460 /* CoreML Basic in iOS.app */ = {isa = PBXFileReference; explicitFileType = wrapper.application; includeInIndex = 0; path = "CoreML Basic in iOS.app"; sourceTree = BUILT_PRODUCTS_DIR; };
		05596B0926FDD41600DD7460 /* AppDelegate.swift */ = {isa = PBXFileReference; lastKnownFileType = sourcecode.swift; path = AppDelegate.swift; sourceTree = "<group>"; };
		05596B0B26FDD41600DD7460 /* SceneDelegate.swift */ = {isa = PBXFileReference; lastKnownFileType = sourcecode.swift; path = SceneDelegate.swift; sourceTree = "<group>"; };
		05596B0D26FDD41600DD7460 /* ViewController.swift */ = {isa = PBXFileReference; lastKnownFileType = sourcecode.swift; path = ViewController.swift; sourceTree = "<group>"; };
		05596B1026FDD41600DD7460 /* Base */ = {isa = PBXFileReference; lastKnownFileType = file.storyboard; name = Base; path = Base.lproj/Main.storyboard; sourceTree = "<group>"; };
		05596B1226FDD41800DD7460 /* Assets.xcassets */ = {isa = PBXFileReference; lastKnownFileType = folder.assetcatalog; path = Assets.xcassets; sourceTree = "<group>"; };
		05596B1526FDD41800DD7460 /* Base */ = {isa = PBXFileReference; lastKnownFileType = file.storyboard; name = Base; path = Base.lproj/LaunchScreen.storyboard; sourceTree = "<group>"; };
		05596B1726FDD41800DD7460 /* Info.plist */ = {isa = PBXFileReference; lastKnownFileType = text.plist.xml; path = Info.plist; sourceTree = "<group>"; };
		05596B1D26FDD55F00DD7460 /* Extensions.swift */ = {isa = PBXFileReference; lastKnownFileType = sourcecode.swift; path = Extensions.swift; sourceTree = "<group>"; };
		05596B2126FDD74800DD7460 /* GoogLeNetPlaces.mlmodel */ = {isa = PBXFileReference; lastKnownFileType = file.mlmodel; path = GoogLeNetPlaces.mlmodel; sourceTree = "<group>"; };
/* End PBXFileReference section */

/* Begin PBXFrameworksBuildPhase section */
		05596B0326FDD41600DD7460 /* Frameworks */ = {
			isa = PBXFrameworksBuildPhase;
			buildActionMask = 2147483647;
			files = (
			);
			runOnlyForDeploymentPostprocessing = 0;
		};
/* End PBXFrameworksBuildPhase section */

/* Begin PBXGroup section */
		05596AFD26FDD41600DD7460 = {
			isa = PBXGroup;
			children = (
				05596B0826FDD41600DD7460 /* CoreML Basic in iOS */,
				05596B0726FDD41600DD7460 /* Products */,
			);
			sourceTree = "<group>";
		};
		05596B0726FDD41600DD7460 /* Products */ = {
			isa = PBXGroup;
			children = (
				05596B0626FDD41600DD7460 /* CoreML Basic in iOS.app */,
			);
			name = Products;
			sourceTree = "<group>";
		};
		05596B0826FDD41600DD7460 /* CoreML Basic in iOS */ = {
			isa = PBXGroup;
			children = (
				05596B1D26FDD55F00DD7460 /* Extensions.swift */,
				05596B2126FDD74800DD7460 /* GoogLeNetPlaces.mlmodel */,
				05596B0926FDD41600DD7460 /* AppDelegate.swift */,
				05596B0B26FDD41600DD7460 /* SceneDelegate.swift */,
				05596B0D26FDD41600DD7460 /* ViewController.swift */,
				05596B0F26FDD41600DD7460 /* Main.storyboard */,
				05596B1226FDD41800DD7460 /* Assets.xcassets */,
				05596B1426FDD41800DD7460 /* LaunchScreen.storyboard */,
				05596B1726FDD41800DD7460 /* Info.plist */,
			);
			path = "CoreML Basic in iOS";
			sourceTree = "<group>";
		};
/* End PBXGroup section */

/* Begin PBXNativeTarget section */
		05596B0526FDD41600DD7460 /* CoreML Basic in iOS */ = {
			isa = PBXNativeTarget;
			buildConfigurationList = 05596B1A26FDD41800DD7460 /* Build configuration list for PBXNativeTarget "CoreML Basic in iOS" */;
			buildPhases = (
				05596B0226FDD41600DD7460 /* Sources */,
				05596B0326FDD41600DD7460 /* Frameworks */,
				05596B0426FDD41600DD7460 /* Resources */,
			);
			buildRules = (
			);
			dependencies = (
			);
			name = "CoreML Basic in iOS";
			productName = "CoreML Basic in iOS";
			productReference = 05596B0626FDD41600DD7460 /* CoreML Basic in iOS.app */;
			productType = "com.apple.product-type.application";
		};
/* End PBXNativeTarget section */

/* Begin PBXProject section */
		05596AFE26FDD41600DD7460 /* Project object */ = {
			isa = PBXProject;
			attributes = {
				LastSwiftUpdateCheck = 1250;
				LastUpgradeCheck = 1250;
				TargetAttributes = {
					05596B0526FDD41600DD7460 = {
						CreatedOnToolsVersion = 12.5;
					};
				};
			};
			buildConfigurationList = 05596B0126FDD41600DD7460 /* Build configuration list for PBXProject "CoreML Basic in iOS" */;
			compatibilityVersion = "Xcode 9.3";
			developmentRegion = en;
			hasScannedForEncodings = 0;
			knownRegions = (
				en,
				Base,
			);
			mainGroup = 05596AFD26FDD41600DD7460;
			productRefGroup = 05596B0726FDD41600DD7460 /* Products */;
			projectDirPath = "";
			projectRoot = "";
			targets = (
				05596B0526FDD41600DD7460 /* CoreML Basic in iOS */,
			);
		};
/* End PBXProject section */

/* Begin PBXResourcesBuildPhase section */
		05596B0426FDD41600DD7460 /* Resources */ = {
			isa = PBXResourcesBuildPhase;
			buildActionMask = 2147483647;
			files = (
				05596B1626FDD41800DD7460 /* LaunchScreen.storyboard in Resources */,
				05596B1326FDD41800DD7460 /* Assets.xcassets in Resources */,
				05596B1126FDD41600DD7460 /* Main.storyboard in Resources */,
			);
			runOnlyForDeploymentPostprocessing = 0;
		};
/* End PBXResourcesBuildPhase section */

/* Begin PBXSourcesBuildPhase section */
		05596B0226FDD41600DD7460 /* Sources */ = {
			isa = PBXSourcesBuildPhase;
			buildActionMask = 2147483647;
			files = (
				05596B0E26FDD41600DD7460 /* ViewController.swift in Sources */,
				05596B2226FDD74800DD7460 /* GoogLeNetPlaces.mlmodel in Sources */,
				05596B0A26FDD41600DD7460 /* AppDelegate.swift in Sources */,
				05596B0C26FDD41600DD7460 /* SceneDelegate.swift in Sources */,
				05596B1E26FDD55F00DD7460 /* Extensions.swift in Sources */,
			);
			runOnlyForDeploymentPostprocessing = 0;
		};
/* End PBXSourcesBuildPhase section */

/* Begin PBXVariantGroup section */
		05596B0F26FDD41600DD7460 /* Main.storyboard */ = {
			isa = PBXVariantGroup;
			children = (
				05596B1026FDD41600DD7460 /* Base */,
			);
			name = Main.storyboard;
			sourceTree = "<group>";
		};
		05596B1426FDD41800DD7460 /* LaunchScreen.storyboard */ = {
			isa = PBXVariantGroup;
			children = (
				05596B1526FDD41800DD7460 /* Base */,
			);
			name = LaunchScreen.storyboard;
			sourceTree = "<group>";
		};
/* End PBXVariantGroup section */

/* Begin XCBuildConfiguration section */
		05596B1826FDD41800DD7460 /* Debug */ = {
			isa = XCBuildConfiguration;
			buildSettings = {
				ALWAYS_SEARCH_USER_PATHS = NO;
				CLANG_ANALYZER_NONNULL = YES;
				CLANG_ANALYZER_NUMBER_OBJECT_CONVERSION = YES_AGGRESSIVE;
				CLANG_CXX_LANGUAGE_STANDARD = "gnu++14";
				CLANG_CXX_LIBRARY = "libc++";
				CLANG_ENABLE_MODULES = YES;
				CLANG_ENABLE_OBJC_ARC = YES;
				CLANG_ENABLE_OBJC_WEAK = YES;
				CLANG_WARN_BLOCK_CAPTURE_AUTORELEASING = YES;
				CLANG_WARN_BOOL_CONVERSION = YES;
				CLANG_WARN_COMMA = YES;
				CLANG_WARN_CONSTANT_CONVERSION = YES;
				CLANG_WARN_DEPRECATED_OBJC_IMPLEMENTATIONS = YES;
				CLANG_WARN_DIRECT_OBJC_ISA_USAGE = YES_ERROR;
				CLANG_WARN_DOCUMENTATION_COMMENTS = YES;
				CLANG_WARN_EMPTY_BODY = YES;
				CLANG_WARN_ENUM_CONVERSION = YES;
				CLANG_WARN_INFINITE_RECURSION = YES;
				CLANG_WARN_INT_CONVERSION = YES;
				CLANG_WARN_NON_LITERAL_NULL_CONVERSION = YES;
				CLANG_WARN_OBJC_IMPLICIT_RETAIN_SELF = YES;
				CLANG_WARN_OBJC_LITERAL_CONVERSION = YES;
				CLANG_WARN_OBJC_ROOT_CLASS = YES_ERROR;
				CLANG_WARN_QUOTED_INCLUDE_IN_FRAMEWORK_HEADER = YES;
				CLANG_WARN_RANGE_LOOP_ANALYSIS = YES;
				CLANG_WARN_STRICT_PROTOTYPES = YES;
				CLANG_WARN_SUSPICIOUS_MOVE = YES;
				CLANG_WARN_UNGUARDED_AVAILABILITY = YES_AGGRESSIVE;
				CLANG_WARN_UNREACHABLE_CODE = YES;
				CLANG_WARN__DUPLICATE_METHOD_MATCH = YES;
				COPY_PHASE_STRIP = NO;
				DEBUG_INFORMATION_FORMAT = dwarf;
				ENABLE_STRICT_OBJC_MSGSEND = YES;
				ENABLE_TESTABILITY = YES;
				GCC_C_LANGUAGE_STANDARD = gnu11;
				GCC_DYNAMIC_NO_PIC = NO;
				GCC_NO_COMMON_BLOCKS = YES;
				GCC_OPTIMIZATION_LEVEL = 0;
				GCC_PREPROCESSOR_DEFINITIONS = (
					"DEBUG=1",
					"$(inherited)",
				);
				GCC_WARN_64_TO_32_BIT_CONVERSION = YES;
				GCC_WARN_ABOUT_RETURN_TYPE = YES_ERROR;
				GCC_WARN_UNDECLARED_SELECTOR = YES;
				GCC_WARN_UNINITIALIZED_AUTOS = YES_AGGRESSIVE;
				GCC_WARN_UNUSED_FUNCTION = YES;
				GCC_WARN_UNUSED_VARIABLE = YES;
				IPHONEOS_DEPLOYMENT_TARGET = 14.5;
				MTL_ENABLE_DEBUG_INFO = INCLUDE_SOURCE;
				MTL_FAST_MATH = YES;
				ONLY_ACTIVE_ARCH = YES;
				SDKROOT = iphoneos;
				SWIFT_ACTIVE_COMPILATION_CONDITIONS = DEBUG;
				SWIFT_OPTIMIZATION_LEVEL = "-Onone";
			};
			name = Debug;
		};
		05596B1926FDD41800DD7460 /* Release */ = {
			isa = XCBuildConfiguration;
			buildSettings = {
				ALWAYS_SEARCH_USER_PATHS = NO;
				CLANG_ANALYZER_NONNULL = YES;
				CLANG_ANALYZER_NUMBER_OBJECT_CONVERSION = YES_AGGRESSIVE;
				CLANG_CXX_LANGUAGE_STANDARD = "gnu++14";
				CLANG_CXX_LIBRARY = "libc++";
				CLANG_ENABLE_MODULES = YES;
				CLANG_ENABLE_OBJC_ARC = YES;
				CLANG_ENABLE_OBJC_WEAK = YES;
				CLANG_WARN_BLOCK_CAPTURE_AUTORELEASING = YES;
				CLANG_WARN_BOOL_CONVERSION = YES;
				CLANG_WARN_COMMA = YES;
				CLANG_WARN_CONSTANT_CONVERSION = YES;
				CLANG_WARN_DEPRECATED_OBJC_IMPLEMENTATIONS = YES;
				CLANG_WARN_DIRECT_OBJC_ISA_USAGE = YES_ERROR;
				CLANG_WARN_DOCUMENTATION_COMMENTS = YES;
				CLANG_WARN_EMPTY_BODY = YES;
				CLANG_WARN_ENUM_CONVERSION = YES;
				CLANG_WARN_INFINITE_RECURSION = YES;
				CLANG_WARN_INT_CONVERSION = YES;
				CLANG_WARN_NON_LITERAL_NULL_CONVERSION = YES;
				CLANG_WARN_OBJC_IMPLICIT_RETAIN_SELF = YES;
				CLANG_WARN_OBJC_LITERAL_CONVERSION = YES;
				CLANG_WARN_OBJC_ROOT_CLASS = YES_ERROR;
				CLANG_WARN_QUOTED_INCLUDE_IN_FRAMEWORK_HEADER = YES;
				CLANG_WARN_RANGE_LOOP_ANALYSIS = YES;
				CLANG_WARN_STRICT_PROTOTYPES = YES;
				CLANG_WARN_SUSPICIOUS_MOVE = YES;
				CLANG_WARN_UNGUARDED_AVAILABILITY = YES_AGGRESSIVE;
				CLANG_WARN_UNREACHABLE_CODE = YES;
				CLANG_WARN__DUPLICATE_METHOD_MATCH = YES;
				COPY_PHASE_STRIP = NO;
				DEBUG_INFORMATION_FORMAT = "dwarf-with-dsym";
				ENABLE_NS_ASSERTIONS = NO;
				ENABLE_STRICT_OBJC_MSGSEND = YES;
				GCC_C_LANGUAGE_STANDARD = gnu11;
				GCC_NO_COMMON_BLOCKS = YES;
				GCC_WARN_64_TO_32_BIT_CONVERSION = YES;
				GCC_WARN_ABOUT_RETURN_TYPE = YES_ERROR;
				GCC_WARN_UNDECLARED_SELECTOR = YES;
				GCC_WARN_UNINITIALIZED_AUTOS = YES_AGGRESSIVE;
				GCC_WARN_UNUSED_FUNCTION = YES;
				GCC_WARN_UNUSED_VARIABLE = YES;
				IPHONEOS_DEPLOYMENT_TARGET = 14.5;
				MTL_ENABLE_DEBUG_INFO = NO;
				MTL_FAST_MATH = YES;
				SDKROOT = iphoneos;
				SWIFT_COMPILATION_MODE = wholemodule;
				SWIFT_OPTIMIZATION_LEVEL = "-O";
				VALIDATE_PRODUCT = YES;
			};
			name = Release;
		};
		05596B1B26FDD41800DD7460 /* Debug */ = {
			isa = XCBuildConfiguration;
			buildSettings = {
				ASSETCATALOG_COMPILER_APPICON_NAME = AppIcon;
				ASSETCATALOG_COMPILER_GLOBAL_ACCENT_COLOR_NAME = AccentColor;
				CODE_SIGN_STYLE = Automatic;
				INFOPLIST_FILE = "CoreML Basic in iOS/Info.plist";
				LD_RUNPATH_SEARCH_PATHS = (
					"$(inherited)",
					"@executable_path/Frameworks",
				);
				PRODUCT_BUNDLE_IDENTIFIER = "info.hamednrg.CoreML-Basic-in-iOS";
				PRODUCT_NAME = "$(TARGET_NAME)";
				SWIFT_VERSION = 5.0;
				TARGETED_DEVICE_FAMILY = "1,2";
			};
			name = Debug;
		};
		05596B1C26FDD41800DD7460 /* Release */ = {
			isa = XCBuildConfiguration;
			buildSettings = {
				ASSETCATALOG_COMPILER_APPICON_NAME = AppIcon;
				ASSETCATALOG_COMPILER_GLOBAL_ACCENT_COLOR_NAME = AccentColor;
				CODE_SIGN_STYLE = Automatic;
				INFOPLIST_FILE = "CoreML Basic in iOS/Info.plist";
				LD_RUNPATH_SEARCH_PATHS = (
					"$(inherited)",
					"@executable_path/Frameworks",
				);
				PRODUCT_BUNDLE_IDENTIFIER = "info.hamednrg.CoreML-Basic-in-iOS";
				PRODUCT_NAME = "$(TARGET_NAME)";
				SWIFT_VERSION = 5.0;
				TARGETED_DEVICE_FAMILY = "1,2";
			};
			name = Release;
		};
/* End XCBuildConfiguration section */

/* Begin XCConfigurationList section */
		05596B0126FDD41600DD7460 /* Build configuration list for PBXProject "CoreML Basic in iOS" */ = {
			isa = XCConfigurationList;
			buildConfigurations = (
				05596B1826FDD41800DD7460 /* Debug */,
				05596B1926FDD41800DD7460 /* Release */,
			);
			defaultConfigurationIsVisible = 0;
			defaultConfigurationName = Release;
		};
		05596B1A26FDD41800DD7460 /* Build configuration list for PBXNativeTarget "CoreML Basic in iOS" */ = {
			isa = XCConfigurationList;
			buildConfigurations = (
				05596B1B26FDD41800DD7460 /* Debug */,
				05596B1C26FDD41800DD7460 /* Release */,
			);
			defaultConfigurationIsVisible = 0;
			defaultConfigurationName = Release;
		};
/* End XCConfigurationList section */
	};
	rootObject = 05596AFE26FDD41600DD7460 /* Project object */;
}
